
Microsoft Visual Studio Solution File, Format Version 12.00
# Visual Studio Version 16
VisualStudioVersion = 16.0.29709.97
MinimumVisualStudioVersion = 10.0.40219.1
Project("{9A19103F-16F7-4668-BE54-9A1E7A4F7556}") = "MFR", "MFR.csproj", "{411FDB2B-408A-4DC3-ACD5-E76ACB80B293}"
EndProject
Project("{9A19103F-16F7-4668-BE54-9A1E7A4F7556}") = "MFR.DomainModels", "..\MFR.Models\MFR.DomainModels.csproj", "{4DB2F3B5-A57C-464C-9168-24DC16E49598}"
EndProject
Project("{9A19103F-16F7-4668-BE54-9A1E7A4F7556}") = "MFR.Core", "..\MFR.Core\MFR.Core.csproj", "{6A36365B-E1B9-4425-B9BE-972B95F2DFE7}"
EndProject
Project("{9A19103F-16F7-4668-BE54-9A1E7A4F7556}") = "MFR.Persistence", "..\MFR.Persistence\MFR.Persistence.csproj", "{CA9678DE-A54E-4681-858E-B9C6CAFD2235}"
EndProject
Global
	GlobalSection(SolutionConfigurationPlatforms) = preSolution
		Debug|Any CPU = Debug|Any CPU
		Release|Any CPU = Release|Any CPU
	EndGlobalSection
	GlobalSection(ProjectConfigurationPlatforms) = postSolution
		{411FDB2B-408A-4DC3-ACD5-E76ACB80B293}.Debug|Any CPU.ActiveCfg = Debug|Any CPU
		{411FDB2B-408A-4DC3-ACD5-E76ACB80B293}.Debug|Any CPU.Build.0 = Debug|Any CPU
		{411FDB2B-408A-4DC3-ACD5-E76ACB80B293}.Release|Any CPU.ActiveCfg = Release|Any CPU
		{411FDB2B-408A-4DC3-ACD5-E76ACB80B293}.Release|Any CPU.Build.0 = Release|Any CPU
		{4DB2F3B5-A57C-464C-9168-24DC16E49598}.Debug|Any CPU.ActiveCfg = Debug|Any CPU
		{4DB2F3B5-A57C-464C-9168-24DC16E49598}.Debug|Any CPU.Build.0 = Debug|Any CPU
		{4DB2F3B5-A57C-464C-9168-24DC16E49598}.Release|Any CPU.ActiveCfg = Release|Any CPU
		{4DB2F3B5-A57C-464C-9168-24DC16E49598}.Release|Any CPU.Build.0 = Release|Any CPU
		{6A36365B-E1B9-4425-B9BE-972B95F2DFE7}.Debug|Any CPU.ActiveCfg = Debug|Any CPU
		{6A36365B-E1B9-4425-B9BE-972B95F2DFE7}.Debug|Any CPU.Build.0 = Debug|Any CPU
		{6A36365B-E1B9-4425-B9BE-972B95F2DFE7}.Release|Any CPU.ActiveCfg = Release|Any CPU
		{6A36365B-E1B9-4425-B9BE-972B95F2DFE7}.Release|Any CPU.Build.0 = Release|Any CPU
		{CA9678DE-A54E-4681-858E-B9C6CAFD2235}.Debug|Any CPU.ActiveCfg = Debug|Any CPU
		{CA9678DE-A54E-4681-858E-B9C6CAFD2235}.Debug|Any CPU.Build.0 = Debug|Any CPU
		{CA9678DE-A54E-4681-858E-B9C6CAFD2235}.Release|Any CPU.ActiveCfg = Release|Any CPU
		{CA9678DE-A54E-4681-858E-B9C6CAFD2235}.Release|Any CPU.Build.0 = Release|Any CPU
	EndGlobalSection
	GlobalSection(SolutionProperties) = preSolution
		HideSolutionNode = FALSE
	EndGlobalSection
	GlobalSection(ExtensibilityGlobals) = postSolution
		SolutionGuid = {D3084AD4-DE19-44DB-BBF7-A35013D1CA10}
	EndGlobalSection
EndGlobal
